dependencies:
- name: postgresql
  repository: https://charts.bitnami.com/bitnami
  version: 18.1.8
- name: kube-prometheus-stack
  repository: https://prometheus-community.github.io/helm-charts
  version: 79.4.1
digest: sha256:94addb8e227f1c7178f47d14e029902b32ea0a79f153cb1a3270053b98a3d269
generated: "2025-11-11T07:42:11.4420733Z"
